
Microsoft Visual Studio Solution File, Format Version 12.00
# Visual Studio Version 17
VisualStudioVersion = 17.8.34511.84
MinimumVisualStudioVersion = 10.0.40219.1
Project("{FAE04EC0-301F-11D3-BF4B-00C04F79EFBC}") = "ETreeks.API", "ETreeks.API\ETreeks.API.csproj", "{9B86923B-5BEA-43EF-BA56-41A32656C361}"
EndProject
Project("{FAE04EC0-301F-11D3-BF4B-00C04F79EFBC}") = "ETreeks.Core", "ETreeks.Core\ETreeks.Core.csproj", "{1D13D60A-DB61-46E5-8F35-FEF0E00B93D2}"
EndProject
Project("{FAE04EC0-301F-11D3-BF4B-00C04F79EFBC}") = "ETreeks.Infra", "ETreeks.Infra\ETreeks.Infra.csproj", "{7CA5A3DC-A642-4EF1-89C6-B4E799575BFC}"
EndProject
Global
	GlobalSection(SolutionConfigurationPlatforms) = preSolution
		Debug|Any CPU = Debug|Any CPU
		Release|Any CPU = Release|Any CPU
	EndGlobalSection
	GlobalSection(ProjectConfigurationPlatforms) = postSolution
		{9B86923B-5BEA-43EF-BA56-41A32656C361}.Debug|Any CPU.ActiveCfg = Debug|Any CPU
		{9B86923B-5BEA-43EF-BA56-41A32656C361}.Debug|Any CPU.Build.0 = Debug|Any CPU
		{9B86923B-5BEA-43EF-BA56-41A32656C361}.Release|Any CPU.ActiveCfg = Release|Any CPU
		{9B86923B-5BEA-43EF-BA56-41A32656C361}.Release|Any CPU.Build.0 = Release|Any CPU
		{1D13D60A-DB61-46E5-8F35-FEF0E00B93D2}.Debug|Any CPU.ActiveCfg = Debug|Any CPU
		{1D13D60A-DB61-46E5-8F35-FEF0E00B93D2}.Debug|Any CPU.Build.0 = Debug|Any CPU
		{1D13D60A-DB61-46E5-8F35-FEF0E00B93D2}.Release|Any CPU.ActiveCfg = Release|Any CPU
		{1D13D60A-DB61-46E5-8F35-FEF0E00B93D2}.Release|Any CPU.Build.0 = Release|Any CPU
		{7CA5A3DC-A642-4EF1-89C6-B4E799575BFC}.Debug|Any CPU.ActiveCfg = Debug|Any CPU
		{7CA5A3DC-A642-4EF1-89C6-B4E799575BFC}.Debug|Any CPU.Build.0 = Debug|Any CPU
		{7CA5A3DC-A642-4EF1-89C6-B4E799575BFC}.Release|Any CPU.ActiveCfg = Release|Any CPU
		{7CA5A3DC-A642-4EF1-89C6-B4E799575BFC}.Release|Any CPU.Build.0 = Release|Any CPU
	EndGlobalSection
	GlobalSection(SolutionProperties) = preSolution
		HideSolutionNode = FALSE
	EndGlobalSection
	GlobalSection(ExtensibilityGlobals) = postSolution
		SolutionGuid = {01BDAEB9-8996-4C06-8E6B-A83653566303}
	EndGlobalSection
EndGlobal
